
Microsoft Visual Studio Solution File, Format Version 12.00
Project("{FAE04EC0-301F-11D3-BF4B-00C04F79EFBC}") = "DiveApi", "DiveApi\DiveApi.csproj", "{96D1325B-2EB3-4D80-8D15-4A74F916ADF7}"
EndProject
Project("{2150E333-8FDC-42A3-9474-1A3956D46DE8}") = "Solution Items", "Solution Items", "{C5BF2062-42D5-4796-A570-65062792A079}"
	ProjectSection(SolutionItems) = preProject
		compose.yaml = compose.yaml
	EndProjectSection
EndProject
Project("{FAE04EC0-301F-11D3-BF4B-00C04F79EFBC}") = "DiveApiTest", "DiveApiTest\DiveApiTest.csproj", "{F68F5832-CCD1-4F01-BFC1-1993F59E5B44}"
EndProject
Global
	GlobalSection(SolutionConfigurationPlatforms) = preSolution
		Debug|Any CPU = Debug|Any CPU
		Release|Any CPU = Release|Any CPU
	EndGlobalSection
	GlobalSection(ProjectConfigurationPlatforms) = postSolution
		{96D1325B-2EB3-4D80-8D15-4A74F916ADF7}.Debug|Any CPU.ActiveCfg = Debug|Any CPU
		{96D1325B-2EB3-4D80-8D15-4A74F916ADF7}.Debug|Any CPU.Build.0 = Debug|Any CPU
		{96D1325B-2EB3-4D80-8D15-4A74F916ADF7}.Release|Any CPU.ActiveCfg = Release|Any CPU
		{96D1325B-2EB3-4D80-8D15-4A74F916ADF7}.Release|Any CPU.Build.0 = Release|Any CPU
		{F68F5832-CCD1-4F01-BFC1-1993F59E5B44}.Debug|Any CPU.ActiveCfg = Debug|Any CPU
		{F68F5832-CCD1-4F01-BFC1-1993F59E5B44}.Debug|Any CPU.Build.0 = Debug|Any CPU
		{F68F5832-CCD1-4F01-BFC1-1993F59E5B44}.Release|Any CPU.ActiveCfg = Release|Any CPU
		{F68F5832-CCD1-4F01-BFC1-1993F59E5B44}.Release|Any CPU.Build.0 = Release|Any CPU
	EndGlobalSection
EndGlobal
